
Microsoft Visual Studio Solution File, Format Version 12.00
# Visual Studio Version 17
VisualStudioVersion = 17.5.33530.505
MinimumVisualStudioVersion = 10.0.40219.1
Project("{8BC9CEB8-8B4A-11D0-8D11-00A0C91BC942}") = "5142_チーム制作", "5142_チーム制作.vcxproj", "{821E3007-C3DC-49DB-A327-8959A4E5BD1D}"
EndProject
Global
	GlobalSection(SolutionConfigurationPlatforms) = preSolution
		Debug|x64 = Debug|x64
		Release|x64 = Release|x64
	EndGlobalSection
	GlobalSection(ProjectConfigurationPlatforms) = postSolution
		{821E3007-C3DC-49DB-A327-8959A4E5BD1D}.Debug|x64.ActiveCfg = Debug|x64
		{821E3007-C3DC-49DB-A327-8959A4E5BD1D}.Debug|x64.Build.0 = Debug|x64
		{821E3007-C3DC-49DB-A327-8959A4E5BD1D}.Release|x64.ActiveCfg = Release|x64
		{821E3007-C3DC-49DB-A327-8959A4E5BD1D}.Release|x64.Build.0 = Release|x64
	EndGlobalSection
	GlobalSection(SolutionProperties) = preSolution
		HideSolutionNode = FALSE
	EndGlobalSection
	GlobalSection(ExtensibilityGlobals) = postSolution
		SolutionGuid = {F8447F73-5A22-4B47-9A87-76573445725B}
	EndGlobalSection
EndGlobal
